
Microsoft Visual Studio Solution File, Format Version 12.00
# Visual Studio Version 16
VisualStudioVersion = 16.0.29230.47
MinimumVisualStudioVersion = 10.0.40219.1
Project("{FAE04EC0-301F-11D3-BF4B-00C04F79EFBC}") = "Inheritance", "Inheritance\Inheritance.csproj", "{FE686AB2-A5B4-439A-810D-5FFA33A1BD25}"
EndProject
Global
	GlobalSection(SolutionConfigurationPlatforms) = preSolution
		Debug|Any CPU = Debug|Any CPU
		Release|Any CPU = Release|Any CPU
	EndGlobalSection
	GlobalSection(ProjectConfigurationPlatforms) = postSolution
		{FE686AB2-A5B4-439A-810D-5FFA33A1BD25}.Debug|Any CPU.ActiveCfg = Debug|Any CPU
		{FE686AB2-A5B4-439A-810D-5FFA33A1BD25}.Debug|Any CPU.Build.0 = Debug|Any CPU
		{FE686AB2-A5B4-439A-810D-5FFA33A1BD25}.Release|Any CPU.ActiveCfg = Release|Any CPU
		{FE686AB2-A5B4-439A-810D-5FFA33A1BD25}.Release|Any CPU.Build.0 = Release|Any CPU
	EndGlobalSection
	GlobalSection(SolutionProperties) = preSolution
		HideSolutionNode = FALSE
	EndGlobalSection
	GlobalSection(ExtensibilityGlobals) = postSolution
		SolutionGuid = {D12FF843-478A-40BB-997C-7E485D67AC05}
	EndGlobalSection
EndGlobal
